
Microsoft Visual Studio Solution File, Format Version 12.00
# Visual Studio Version 17
VisualStudioVersion = 17.2.32602.215
MinimumVisualStudioVersion = 10.0.40219.1
Project("{FAE04EC0-301F-11D3-BF4B-00C04F79EFBC}") = "ExcelParser", "ExcelParser\ExcelParser.csproj", "{C128EA32-0D58-4A59-9371-04FD887C9C7D}"
EndProject
Global
	GlobalSection(SolutionConfigurationPlatforms) = preSolution
		Debug|Any CPU = Debug|Any CPU
		Release|Any CPU = Release|Any CPU
	EndGlobalSection
	GlobalSection(ProjectConfigurationPlatforms) = postSolution
		{C128EA32-0D58-4A59-9371-04FD887C9C7D}.Debug|Any CPU.ActiveCfg = Debug|Any CPU
		{C128EA32-0D58-4A59-9371-04FD887C9C7D}.Debug|Any CPU.Build.0 = Debug|Any CPU
		{C128EA32-0D58-4A59-9371-04FD887C9C7D}.Release|Any CPU.ActiveCfg = Release|Any CPU
		{C128EA32-0D58-4A59-9371-04FD887C9C7D}.Release|Any CPU.Build.0 = Release|Any CPU
	EndGlobalSection
	GlobalSection(SolutionProperties) = preSolution
		HideSolutionNode = FALSE
	EndGlobalSection
	GlobalSection(ExtensibilityGlobals) = postSolution
		SolutionGuid = {BD615BAB-067C-4F3B-80D3-5A45B43A7230}
	EndGlobalSection
EndGlobal
